
Microsoft Visual Studio Solution File, Format Version 12.00
# Visual Studio Version 17
VisualStudioVersion = 17.10.35013.160
MinimumVisualStudioVersion = 10.0.40219.1
Project("{9A19103F-16F7-4668-BE54-9A1E7A4F7556}") = "project", "project\project.csproj", "{505A60E8-634A-472A-B80D-8600D4703F2F}"
EndProject
Global
	GlobalSection(SolutionConfigurationPlatforms) = preSolution
		Debug|Any CPU = Debug|Any CPU
		Release|Any CPU = Release|Any CPU
	EndGlobalSection
	GlobalSection(ProjectConfigurationPlatforms) = postSolution
		{505A60E8-634A-472A-B80D-8600D4703F2F}.Debug|Any CPU.ActiveCfg = Debug|Any CPU
		{505A60E8-634A-472A-B80D-8600D4703F2F}.Debug|Any CPU.Build.0 = Debug|Any CPU
		{505A60E8-634A-472A-B80D-8600D4703F2F}.Release|Any CPU.ActiveCfg = Release|Any CPU
		{505A60E8-634A-472A-B80D-8600D4703F2F}.Release|Any CPU.Build.0 = Release|Any CPU
	EndGlobalSection
	GlobalSection(SolutionProperties) = preSolution
		HideSolutionNode = FALSE
	EndGlobalSection
	GlobalSection(ExtensibilityGlobals) = postSolution
		SolutionGuid = {B3E39156-5721-4418-877B-A41F1B374AD1}
	EndGlobalSection
EndGlobal
